# THIS IS AN AUTOGENERATED FILE. DO NOT EDIT THIS FILE DIRECTLY.
# yarn lockfile v1


react-intersection-observer@^9.4.0:
  version "9.4.0"
  resolved "https://registry.yarnpkg.com/react-intersection-observer/-/react-intersection-observer-9.4.0.tgz#f6b6e616e625f9bf255857c5cba9dbf7b1825ec7"
  integrity sha512-v0403CmomOVlzhqFXlzOxg0ziLcVq8mfbP0AwAcEQWgZmR2OulOT79Ikznw4UlB3N+jlUYqLMe4SDHUOyp0t2A==
